// !$*UTF8*$!
{
	archiveVersion = 1;
	classes = {
	};
	objectVersion = 50;
	objects = {

/* Begin PBXBuildFile section */
		231F6A8421FC1846004E8C83 /* AppDelegate.swift in Sources */ = {isa = PBXBuildFile; fileRef = 231F6A8321FC1846004E8C83 /* AppDelegate.swift */; };
		231F6A8921FC1846004E8C83 /* Main.storyboard in Resources */ = {isa = PBXBuildFile; fileRef = 231F6A8721FC1846004E8C83 /* Main.storyboard */; };
		231F6A8C21FC1846004E8C83 /* VirtualTouristNew.xcdatamodeld in Sources */ = {isa = PBXBuildFile; fileRef = 231F6A8A21FC1846004E8C83 /* VirtualTouristNew.xcdatamodeld */; };
		231F6A8E21FC1847004E8C83 /* Assets.xcassets in Resources */ = {isa = PBXBuildFile; fileRef = 231F6A8D21FC1847004E8C83 /* Assets.xcassets */; };
		231F6A9121FC1847004E8C83 /* LaunchScreen.storyboard in Resources */ = {isa = PBXBuildFile; fileRef = 231F6A8F21FC1847004E8C83 /* LaunchScreen.storyboard */; };
		231F6A9C21FC1887004E8C83 /* Pin+CoreDataProperties.swift in Sources */ = {isa = PBXBuildFile; fileRef = 231F6A9B21FC1887004E8C83 /* Pin+CoreDataProperties.swift */; };
		231F6A9E21FC1893004E8C83 /* Photo+CoreDataProperties.swift in Sources */ = {isa = PBXBuildFile; fileRef = 231F6A9D21FC1893004E8C83 /* Photo+CoreDataProperties.swift */; };
		231F6AA021FC18A0004E8C83 /* Pin.swift in Sources */ = {isa = PBXBuildFile; fileRef = 231F6A9F21FC18A0004E8C83 /* Pin.swift */; };
		231F6AA221FC18AB004E8C83 /* Photo.swift in Sources */ = {isa = PBXBuildFile; fileRef = 231F6AA121FC18AB004E8C83 /* Photo.swift */; };
		231F6AA421FC18BE004E8C83 /* MapViewController.swift in Sources */ = {isa = PBXBuildFile; fileRef = 231F6AA321FC18BE004E8C83 /* MapViewController.swift */; };
		231F6AA621FC18CC004E8C83 /* PhotoAlbumViewController.swift in Sources */ = {isa = PBXBuildFile; fileRef = 231F6AA521FC18CC004E8C83 /* PhotoAlbumViewController.swift */; };
		231F6AA821FC18D7004E8C83 /* Client.swift in Sources */ = {isa = PBXBuildFile; fileRef = 231F6AA721FC18D7004E8C83 /* Client.swift */; };
		231F6AAA21FC18E4004E8C83 /* APIConstants.swift in Sources */ = {isa = PBXBuildFile; fileRef = 231F6AA921FC18E4004E8C83 /* APIConstants.swift */; };
		231F6AAC21FC18FB004E8C83 /* CoreDataStack.swift in Sources */ = {isa = PBXBuildFile; fileRef = 231F6AAB21FC18FB004E8C83 /* CoreDataStack.swift */; };
		231F6AAE21FC1922004E8C83 /* PhotoCollectionViewCell.swift in Sources */ = {isa = PBXBuildFile; fileRef = 231F6AAD21FC1922004E8C83 /* PhotoCollectionViewCell.swift */; };
/* End PBXBuildFile section */

/* Begin PBXFileReference section */
		231F6A8021FC1846004E8C83 /* VirtualTouristNew.app */ = {isa = PBXFileReference; explicitFileType = wrapper.application; includeInIndex = 0; path = VirtualTouristNew.app; sourceTree = BUILT_PRODUCTS_DIR; };
		231F6A8321FC1846004E8C83 /* AppDelegate.swift */ = {isa = PBXFileReference; lastKnownFileType = sourcecode.swift; path = AppDelegate.swift; sourceTree = "<group>"; };
		231F6A8821FC1846004E8C83 /* Base */ = {isa = PBXFileReference; lastKnownFileType = file.storyboard; name = Base; path = Base.lproj/Main.storyboard; sourceTree = "<group>"; };
		231F6A8B21FC1846004E8C83 /* VirtualTouristNew.xcdatamodel */ = {isa = PBXFileReference; lastKnownFileType = wrapper.xcdatamodel; path = VirtualTouristNew.xcdatamodel; sourceTree = "<group>"; };
		231F6A8D21FC1847004E8C83 /* Assets.xcassets */ = {isa = PBXFileReference; lastKnownFileType = folder.assetcatalog; path = Assets.xcassets; sourceTree = "<group>"; };
		231F6A9021FC1847004E8C83 /* Base */ = {isa = PBXFileReference; lastKnownFileType = file.storyboard; name = Base; path = Base.lproj/LaunchScreen.storyboard; sourceTree = "<group>"; };
		231F6A9221FC1847004E8C83 /* Info.plist */ = {isa = PBXFileReference; lastKnownFileType = text.plist.xml; path = Info.plist; sourceTree = "<group>"; };
		231F6A9B21FC1887004E8C83 /* Pin+CoreDataProperties.swift */ = {isa = PBXFileReference; lastKnownFileType = sourcecode.swift; path = "Pin+CoreDataProperties.swift"; sourceTree = "<group>"; };
		231F6A9D21FC1893004E8C83 /* Photo+CoreDataProperties.swift */ = {isa = PBXFileReference; lastKnownFileType = sourcecode.swift; path = "Photo+CoreDataProperties.swift"; sourceTree = "<group>"; };
		231F6A9F21FC18A0004E8C83 /* Pin.swift */ = {isa = PBXFileReference; lastKnownFileType = sourcecode.swift; path = Pin.swift; sourceTree = "<group>"; };
		231F6AA121FC18AB004E8C83 /* Photo.swift */ = {isa = PBXFileReference; lastKnownFileType = sourcecode.swift; path = Photo.swift; sourceTree = "<group>"; };
		231F6AA321FC18BE004E8C83 /* MapViewController.swift */ = {isa = PBXFileReference; lastKnownFileType = sourcecode.swift; path = MapViewController.swift; sourceTree = "<group>"; };
		231F6AA521FC18CC004E8C83 /* PhotoAlbumViewController.swift */ = {isa = PBXFileReference; lastKnownFileType = sourcecode.swift; path = PhotoAlbumViewController.swift; sourceTree = "<group>"; };
		231F6AA721FC18D7004E8C83 /* Client.swift */ = {isa = PBXFileReference; lastKnownFileType = sourcecode.swift; path = Client.swift; sourceTree = "<group>"; };
		231F6AA921FC18E4004E8C83 /* APIConstants.swift */ = {isa = PBXFileReference; lastKnownFileType = sourcecode.swift; path = APIConstants.swift; sourceTree = "<group>"; };
		231F6AAB21FC18FB004E8C83 /* CoreDataStack.swift */ = {isa = PBXFileReference; lastKnownFileType = sourcecode.swift; path = CoreDataStack.swift; sourceTree = "<group>"; };
		231F6AAD21FC1922004E8C83 /* PhotoCollectionViewCell.swift */ = {isa = PBXFileReference; lastKnownFileType = sourcecode.swift; path = PhotoCollectionViewCell.swift; sourceTree = "<group>"; };
/* End PBXFileReference section */

/* Begin PBXFrameworksBuildPhase section */
		231F6A7D21FC1846004E8C83 /* Frameworks */ = {
			isa = PBXFrameworksBuildPhase;
			buildActionMask = 2147483647;
			files = (
			);
			runOnlyForDeploymentPostprocessing = 0;
		};
/* End PBXFrameworksBuildPhase section */

/* Begin PBXGroup section */
		231F6A7721FC1846004E8C83 = {
			isa = PBXGroup;
			children = (
				231F6A8221FC1846004E8C83 /* VirtualTouristNew */,
				231F6A8121FC1846004E8C83 /* Products */,
			);
			sourceTree = "<group>";
		};
		231F6A8121FC1846004E8C83 /* Products */ = {
			isa = PBXGroup;
			children = (
				231F6A8021FC1846004E8C83 /* VirtualTouristNew.app */,
			);
			name = Products;
			sourceTree = "<group>";
		};
		231F6A8221FC1846004E8C83 /* VirtualTouristNew */ = {
			isa = PBXGroup;
			children = (
				231F6A9A21FC1873004E8C83 /* CoreData */,
				231F6A9921FC1865004E8C83 /* ViewControllers */,
				231F6A9821FC185D004E8C83 /* Networking */,
				231F6A8321FC1846004E8C83 /* AppDelegate.swift */,
				231F6A8721FC1846004E8C83 /* Main.storyboard */,
				231F6A8D21FC1847004E8C83 /* Assets.xcassets */,
				231F6A8F21FC1847004E8C83 /* LaunchScreen.storyboard */,
				231F6A9221FC1847004E8C83 /* Info.plist */,
				231F6A8A21FC1846004E8C83 /* VirtualTouristNew.xcdatamodeld */,
				231F6AAB21FC18FB004E8C83 /* CoreDataStack.swift */,
				231F6AAD21FC1922004E8C83 /* PhotoCollectionViewCell.swift */,
			);
			path = VirtualTouristNew;
			sourceTree = "<group>";
		};
		231F6A9821FC185D004E8C83 /* Networking */ = {
			isa = PBXGroup;
			children = (
				231F6AA721FC18D7004E8C83 /* Client.swift */,
				231F6AA921FC18E4004E8C83 /* APIConstants.swift */,
			);
			path = Networking;
			sourceTree = "<group>";
		};
		231F6A9921FC1865004E8C83 /* ViewControllers */ = {
			isa = PBXGroup;
			children = (
				231F6AA321FC18BE004E8C83 /* MapViewController.swift */,
				231F6AA521FC18CC004E8C83 /* PhotoAlbumViewController.swift */,
			);
			path = ViewControllers;
			sourceTree = "<group>";
		};
		231F6A9A21FC1873004E8C83 /* CoreData */ = {
			isa = PBXGroup;
			children = (
				231F6A9B21FC1887004E8C83 /* Pin+CoreDataProperties.swift */,
				231F6A9D21FC1893004E8C83 /* Photo+CoreDataProperties.swift */,
				231F6A9F21FC18A0004E8C83 /* Pin.swift */,
				231F6AA121FC18AB004E8C83 /* Photo.swift */,
			);
			path = CoreData;
			sourceTree = "<group>";
		};
/* End PBXGroup section */

/* Begin PBXNativeTarget section */
		231F6A7F21FC1846004E8C83 /* VirtualTouristNew */ = {
			isa = PBXNativeTarget;
			buildConfigurationList = 231F6A9521FC1847004E8C83 /* Build configuration list for PBXNativeTarget "VirtualTouristNew" */;
			buildPhases = (
				231F6A7C21FC1846004E8C83 /* Sources */,
				231F6A7D21FC1846004E8C83 /* Frameworks */,
				231F6A7E21FC1846004E8C83 /* Resources */,
			);
			buildRules = (
			);
			dependencies = (
			);
			name = VirtualTouristNew;
			productName = VirtualTouristNew;
			productReference = 231F6A8021FC1846004E8C83 /* VirtualTouristNew.app */;
			productType = "com.apple.product-type.application";
		};
/* End PBXNativeTarget section */

/* Begin PBXProject section */
		231F6A7821FC1846004E8C83 /* Project object */ = {
			isa = PBXProject;
			attributes = {
				LastSwiftUpdateCheck = 1010;
				LastUpgradeCheck = 1010;
				ORGANIZATIONNAME = UdacityHS;
				TargetAttributes = {
					231F6A7F21FC1846004E8C83 = {
						CreatedOnToolsVersion = 10.1;
					};
				};
			};
			buildConfigurationList = 231F6A7B21FC1846004E8C83 /* Build configuration list for PBXProject "VirtualTouristNew" */;
			compatibilityVersion = "Xcode 9.3";
			developmentRegion = en;
			hasScannedForEncodings = 0;
			knownRegions = (
				en,
				Base,
			);
			mainGroup = 231F6A7721FC1846004E8C83;
			productRefGroup = 231F6A8121FC1846004E8C83 /* Products */;
			projectDirPath = "";
			projectRoot = "";
			targets = (
				231F6A7F21FC1846004E8C83 /* VirtualTouristNew */,
			);
		};
/* End PBXProject section */

/* Begin PBXResourcesBuildPhase section */
		231F6A7E21FC1846004E8C83 /* Resources */ = {
			isa = PBXResourcesBuildPhase;
			buildActionMask = 2147483647;
			files = (
				231F6A9121FC1847004E8C83 /* LaunchScreen.storyboard in Resources */,
				231F6A8E21FC1847004E8C83 /* Assets.xcassets in Resources */,
				231F6A8921FC1846004E8C83 /* Main.storyboard in Resources */,
			);
			runOnlyForDeploymentPostprocessing = 0;
		};
/* End PBXResourcesBuildPhase section */

/* Begin PBXSourcesBuildPhase section */
		231F6A7C21FC1846004E8C83 /* Sources */ = {
			isa = PBXSourcesBuildPhase;
			buildActionMask = 2147483647;
			files = (
				231F6AAE21FC1922004E8C83 /* PhotoCollectionViewCell.swift in Sources */,
				231F6AAA21FC18E4004E8C83 /* APIConstants.swift in Sources */,
				231F6AA221FC18AB004E8C83 /* Photo.swift in Sources */,
				231F6AAC21FC18FB004E8C83 /* CoreDataStack.swift in Sources */,
				231F6A9C21FC1887004E8C83 /* Pin+CoreDataProperties.swift in Sources */,
				231F6A8C21FC1846004E8C83 /* VirtualTouristNew.xcdatamodeld in Sources */,
				231F6AA021FC18A0004E8C83 /* Pin.swift in Sources */,
				231F6AA621FC18CC004E8C83 /* PhotoAlbumViewController.swift in Sources */,
				231F6A9E21FC1893004E8C83 /* Photo+CoreDataProperties.swift in Sources */,
				231F6A8421FC1846004E8C83 /* AppDelegate.swift in Sources */,
				231F6AA821FC18D7004E8C83 /* Client.swift in Sources */,
				231F6AA421FC18BE004E8C83 /* MapViewController.swift in Sources */,
			);
			runOnlyForDeploymentPostprocessing = 0;
		};
/* End PBXSourcesBuildPhase section */

/* Begin PBXVariantGroup section */
		231F6A8721FC1846004E8C83 /* Main.storyboard */ = {
			isa = PBXVariantGroup;
			children = (
				231F6A8821FC1846004E8C83 /* Base */,
			);
			name = Main.storyboard;
			sourceTree = "<group>";
		};
		231F6A8F21FC1847004E8C83 /* LaunchScreen.storyboard */ = {
			isa = PBXVariantGroup;
			children = (
				231F6A9021FC1847004E8C83 /* Base */,
			);
			name = LaunchScreen.storyboard;
			sourceTree = "<group>";
		};
/* End PBXVariantGroup section */

/* Begin XCBuildConfiguration section */
		231F6A9321FC1847004E8C83 /* Debug */ = {
			isa = XCBuildConfiguration;
			buildSettings = {
				ALWAYS_SEARCH_USER_PATHS = NO;
				CLANG_ANALYZER_NONNULL = YES;
				CLANG_ANALYZER_NUMBER_OBJECT_CONVERSION = YES_AGGRESSIVE;
				CLANG_CXX_LANGUAGE_STANDARD = "gnu++14";
				CLANG_CXX_LIBRARY = "libc++";
				CLANG_ENABLE_MODULES = YES;
				CLANG_ENABLE_OBJC_ARC = YES;
				CLANG_ENABLE_OBJC_WEAK = YES;
				CLANG_WARN_BLOCK_CAPTURE_AUTORELEASING = YES;
				CLANG_WARN_BOOL_CONVERSION = YES;
				CLANG_WARN_COMMA = YES;
				CLANG_WARN_CONSTANT_CONVERSION = YES;
				CLANG_WARN_DEPRECATED_OBJC_IMPLEMENTATIONS = YES;
				CLANG_WARN_DIRECT_OBJC_ISA_USAGE = YES_ERROR;
				CLANG_WARN_DOCUMENTATION_COMMENTS = YES;
				CLANG_WARN_EMPTY_BODY = YES;
				CLANG_WARN_ENUM_CONVERSION = YES;
				CLANG_WARN_INFINITE_RECURSION = YES;
				CLANG_WARN_INT_CONVERSION = YES;
				CLANG_WARN_NON_LITERAL_NULL_CONVERSION = YES;
				CLANG_WARN_OBJC_IMPLICIT_RETAIN_SELF = YES;
				CLANG_WARN_OBJC_LITERAL_CONVERSION = YES;
				CLANG_WARN_OBJC_ROOT_CLASS = YES_ERROR;
				CLANG_WARN_RANGE_LOOP_ANALYSIS = YES;
				CLANG_WARN_STRICT_PROTOTYPES = YES;
				CLANG_WARN_SUSPICIOUS_MOVE = YES;
				CLANG_WARN_UNGUARDED_AVAILABILITY = YES_AGGRESSIVE;
				CLANG_WARN_UNREACHABLE_CODE = YES;
				CLANG_WARN__DUPLICATE_METHOD_MATCH = YES;
				CODE_SIGN_IDENTITY = "iPhone Developer";
				COPY_PHASE_STRIP = NO;
				DEBUG_INFORMATION_FORMAT = dwarf;
				ENABLE_STRICT_OBJC_MSGSEND = YES;
				ENABLE_TESTABILITY = YES;
				GCC_C_LANGUAGE_STANDARD = gnu11;
				GCC_DYNAMIC_NO_PIC = NO;
				GCC_NO_COMMON_BLOCKS = YES;
				GCC_OPTIMIZATION_LEVEL = 0;
				GCC_PREPROCESSOR_DEFINITIONS = (
					"DEBUG=1",
					"$(inherited)",
				);
				GCC_WARN_64_TO_32_BIT_CONVERSION = YES;
				GCC_WARN_ABOUT_RETURN_TYPE = YES_ERROR;
				GCC_WARN_UNDECLARED_SELECTOR = YES;
				GCC_WARN_UNINITIALIZED_AUTOS = YES_AGGRESSIVE;
				GCC_WARN_UNUSED_FUNCTION = YES;
				GCC_WARN_UNUSED_VARIABLE = YES;
				IPHONEOS_DEPLOYMENT_TARGET = 12.1;
				MTL_ENABLE_DEBUG_INFO = INCLUDE_SOURCE;
				MTL_FAST_MATH = YES;
				ONLY_ACTIVE_ARCH = YES;
				SDKROOT = iphoneos;
				SWIFT_ACTIVE_COMPILATION_CONDITIONS = DEBUG;
				SWIFT_OPTIMIZATION_LEVEL = "-Onone";
			};
			name = Debug;
		};
		231F6A9421FC1847004E8C83 /* Release */ = {
			isa = XCBuildConfiguration;
			buildSettings = {
				ALWAYS_SEARCH_USER_PATHS = NO;
				CLANG_ANALYZER_NONNULL = YES;
				CLANG_ANALYZER_NUMBER_OBJECT_CONVERSION = YES_AGGRESSIVE;
				CLANG_CXX_LANGUAGE_STANDARD = "gnu++14";
				CLANG_CXX_LIBRARY = "libc++";
				CLANG_ENABLE_MODULES = YES;
				CLANG_ENABLE_OBJC_ARC = YES;
				CLANG_ENABLE_OBJC_WEAK = YES;
				CLANG_WARN_BLOCK_CAPTURE_AUTORELEASING = YES;
				CLANG_WARN_BOOL_CONVERSION = YES;
				CLANG_WARN_COMMA = YES;
				CLANG_WARN_CONSTANT_CONVERSION = YES;
				CLANG_WARN_DEPRECATED_OBJC_IMPLEMENTATIONS = YES;
				CLANG_WARN_DIRECT_OBJC_ISA_USAGE = YES_ERROR;
				CLANG_WARN_DOCUMENTATION_COMMENTS = YES;
				CLANG_WARN_EMPTY_BODY = YES;
				CLANG_WARN_ENUM_CONVERSION = YES;
				CLANG_WARN_INFINITE_RECURSION = YES;
				CLANG_WARN_INT_CONVERSION = YES;
				CLANG_WARN_NON_LITERAL_NULL_CONVERSION = YES;
				CLANG_WARN_OBJC_IMPLICIT_RETAIN_SELF = YES;
				CLANG_WARN_OBJC_LITERAL_CONVERSION = YES;
				CLANG_WARN_OBJC_ROOT_CLASS = YES_ERROR;
				CLANG_WARN_RANGE_LOOP_ANALYSIS = YES;
				CLANG_WARN_STRICT_PROTOTYPES = YES;
				CLANG_WARN_SUSPICIOUS_MOVE = YES;
				CLANG_WARN_UNGUARDED_AVAILABILITY = YES_AGGRESSIVE;
				CLANG_WARN_UNREACHABLE_CODE = YES;
				CLANG_WARN__DUPLICATE_METHOD_MATCH = YES;
				CODE_SIGN_IDENTITY = "iPhone Developer";
				COPY_PHASE_STRIP = NO;
				DEBUG_INFORMATION_FORMAT = "dwarf-with-dsym";
				ENABLE_NS_ASSERTIONS = NO;
				ENABLE_STRICT_OBJC_MSGSEND = YES;
				GCC_C_LANGUAGE_STANDARD = gnu11;
				GCC_NO_COMMON_BLOCKS = YES;
				GCC_WARN_64_TO_32_BIT_CONVERSION = YES;
				GCC_WARN_ABOUT_RETURN_TYPE = YES_ERROR;
				GCC_WARN_UNDECLARED_SELECTOR = YES;
				GCC_WARN_UNINITIALIZED_AUTOS = YES_AGGRESSIVE;
				GCC_WARN_UNUSED_FUNCTION = YES;
				GCC_WARN_UNUSED_VARIABLE = YES;
				IPHONEOS_DEPLOYMENT_TARGET = 12.1;
				MTL_ENABLE_DEBUG_INFO = NO;
				MTL_FAST_MATH = YES;
				SDKROOT = iphoneos;
				SWIFT_COMPILATION_MODE = wholemodule;
				SWIFT_OPTIMIZATION_LEVEL = "-O";
				VALIDATE_PRODUCT = YES;
			};
			name = Release;
		};
		231F6A9621FC1847004E8C83 /* Debug */ = {
			isa = XCBuildConfiguration;
			buildSettings = {
				ASSETCATALOG_COMPILER_APPICON_NAME = AppIcon;
				CODE_SIGN_STYLE = Automatic;
				DEVELOPMENT_TEAM = MV4CHVMGDV;
				INFOPLIST_FILE = VirtualTouristNew/Info.plist;
				LD_RUNPATH_SEARCH_PATHS = (
					"$(inherited)",
					"@executable_path/Frameworks",
				);
				PRODUCT_BUNDLE_IDENTIFIER = com.udacity.VirtualTouristNew;
				PRODUCT_NAME = "$(TARGET_NAME)";
				SWIFT_VERSION = 4.2;
				TARGETED_DEVICE_FAMILY = "1,2";
			};
			name = Debug;
		};
		231F6A9721FC1847004E8C83 /* Release */ = {
			isa = XCBuildConfiguration;
			buildSettings = {
				ASSETCATALOG_COMPILER_APPICON_NAME = AppIcon;
				CODE_SIGN_STYLE = Automatic;
				DEVELOPMENT_TEAM = MV4CHVMGDV;
				INFOPLIST_FILE = VirtualTouristNew/Info.plist;
				LD_RUNPATH_SEARCH_PATHS = (
					"$(inherited)",
					"@executable_path/Frameworks",
				);
				PRODUCT_BUNDLE_IDENTIFIER = com.udacity.VirtualTouristNew;
				PRODUCT_NAME = "$(TARGET_NAME)";
				SWIFT_VERSION = 4.2;
				TARGETED_DEVICE_FAMILY = "1,2";
			};
			name = Release;
		};
/* End XCBuildConfiguration section */

/* Begin XCConfigurationList section */
		231F6A7B21FC1846004E8C83 /* Build configuration list for PBXProject "VirtualTouristNew" */ = {
			isa = XCConfigurationList;
			buildConfigurations = (
				231F6A9321FC1847004E8C83 /* Debug */,
				231F6A9421FC1847004E8C83 /* Release */,
			);
			defaultConfigurationIsVisible = 0;
			defaultConfigurationName = Release;
		};
		231F6A9521FC1847004E8C83 /* Build configuration list for PBXNativeTarget "VirtualTouristNew" */ = {
			isa = XCConfigurationList;
			buildConfigurations = (
				231F6A9621FC1847004E8C83 /* Debug */,
				231F6A9721FC1847004E8C83 /* Release */,
			);
			defaultConfigurationIsVisible = 0;
			defaultConfigurationName = Release;
		};
/* End XCConfigurationList section */

/* Begin XCVersionGroup section */
		231F6A8A21FC1846004E8C83 /* VirtualTouristNew.xcdatamodeld */ = {
			isa = XCVersionGroup;
			children = (
				231F6A8B21FC1846004E8C83 /* VirtualTouristNew.xcdatamodel */,
			);
			currentVersion = 231F6A8B21FC1846004E8C83 /* VirtualTouristNew.xcdatamodel */;
			path = VirtualTouristNew.xcdatamodeld;
			sourceTree = "<group>";
			versionGroupType = wrapper.xcdatamodel;
		};
/* End XCVersionGroup section */
	};
	rootObject = 231F6A7821FC1846004E8C83 /* Project object */;
}
